
Microsoft Visual Studio Solution File, Format Version 12.00
# Visual Studio Version 17
VisualStudioVersion = 17.7.34024.191
MinimumVisualStudioVersion = 10.0.40219.1
Project("{FAE04EC0-301F-11D3-BF4B-00C04F79EFBC}") = "ItemCatalogue.Api", "ItemCatalogue.Api\ItemCatalogue.Api.csproj", "{C80FE2A5-87BA-46C1-9115-50DBB8C9EF87}"
EndProject
Global
	GlobalSection(SolutionConfigurationPlatforms) = preSolution
		Debug|Any CPU = Debug|Any CPU
		Release|Any CPU = Release|Any CPU
	EndGlobalSection
	GlobalSection(ProjectConfigurationPlatforms) = postSolution
		{C80FE2A5-87BA-46C1-9115-50DBB8C9EF87}.Debug|Any CPU.ActiveCfg = Debug|Any CPU
		{C80FE2A5-87BA-46C1-9115-50DBB8C9EF87}.Debug|Any CPU.Build.0 = Debug|Any CPU
		{C80FE2A5-87BA-46C1-9115-50DBB8C9EF87}.Release|Any CPU.ActiveCfg = Release|Any CPU
		{C80FE2A5-87BA-46C1-9115-50DBB8C9EF87}.Release|Any CPU.Build.0 = Release|Any CPU
	EndGlobalSection
	GlobalSection(SolutionProperties) = preSolution
		HideSolutionNode = FALSE
	EndGlobalSection
	GlobalSection(ExtensibilityGlobals) = postSolution
		SolutionGuid = {5F385B81-4BD9-4725-9A20-7D7778A233E9}
	EndGlobalSection
EndGlobal
